<?xml version="1.0" encoding="utf-8"?>
<Project ToolsVersion="4.0" xmlns="http://schemas.microsoft.com/developer/msbuild/2003">
  <ItemGroup>
    <Filter Include="Source Files">
      <UniqueIdentifier>{4FC737F1-C7A5-4376-A066-2A32D752A2FF}</UniqueIdentifier>
      <Extensions>cpp;c;cc;cxx;def;odl;idl;hpj;bat;asm;asmx</Extensions>
    </Filter>
    <Filter Include="ntdll">
      <UniqueIdentifier>{7ef1f0a2-f1f9-4a60-97e9-36fdb55f080b}</UniqueIdentifier>
    </Filter>
    <Filter Include="exploit">
      <UniqueIdentifier>{6c1f4902-8567-466b-aa97-8983f2a2a1b0}</UniqueIdentifier>
    </Filter>
    <Filter Include="driver">
      <UniqueIdentifier>{642f4797-7b5e-46b2-b5bf-d27522e70bd4}</UniqueIdentifier>
    </Filter>
  </ItemGroup>
  <ItemGroup>
    <ClCompile Include="swind2.cpp">
      <Filter>exploit</Filter>
    </ClCompile>
    <ClCompile Include="pe.cpp">
      <Filter>exploit</Filter>
    </ClCompile>
    <ClCompile Include="main.cpp" />
  </ItemGroup>
  <ItemGroup>
    <ClInclude Include="ntdll.h">
      <Filter>ntdll</Filter>
    </ClInclude>
    <ClInclude Include="driverloader.h">
      <Filter>driver</Filter>
    </ClInclude>
    <ClInclude Include="driverbytes.h">
      <Filter>driver</Filter>
    </ClInclude>
    <ClInclude Include="global.h">
      <Filter>exploit</Filter>
    </ClInclude>
  </ItemGroup>
  <ItemGroup>
    <Library Include="..\lib\x64\ntdllp_7.lib">
      <Filter>ntdll</Filter>
    </Library>
  </ItemGroup>
</Project>